{
  "requires": true,
  "lockfileVersion": 1,
  "dependencies": {
    "@types/bootstrap": {
      "version": "4.3.1",
      "resolved": "https://registry.npmjs.org/@types/bootstrap/-/bootstrap-4.3.1.tgz",
      "integrity": "sha512-n7Zv7Y+C98Yv4oqbyqGn3alCvNRCya2xMYzOdVEnmnFlu04MXQk1ntVrBhXzDkiwhZZYNkNfBZn2yhTnEh/mHQ==",
      "requires": {
        "@types/jquery": "*",
        "popper.js": "^1.14.1"
      }
    },
    "@types/cldrjs": {
      "version": "0.4.22",
      "resolved": "https://registry.npmjs.org/@types/cldrjs/-/cldrjs-0.4.22.tgz",
      "integrity": "sha512-YyzxXZ5s9xwPWznXnI3++X14JGnomDdDAlin7kWZvxX/MzirC9BNFcDSQ0yR8YG2M/xNMn0nXsCGkgbFVyXjGw=="
    },
    "@types/globalize": {
      "version": "0.0.36",
      "resolved": "https://registry.npmjs.org/@types/globalize/-/globalize-0.0.36.tgz",
      "integrity": "sha512-aWfUbL8clQAeE9wa1qiEEgfJlCWAMaoO19AqjvYPnq9gdqS2rQ+rODiT4wc0PNJ1vTnMqBiR8WThE80y3InQNA==",
      "requires": {
        "@types/cldrjs": "*"
      }
    },
    "@types/jquery": {
      "version": "3.3.33",
      "resolved": "https://registry.npmjs.org/@types/jquery/-/jquery-3.3.33.tgz",
      "integrity": "sha512-U6IdXYGkfUI42SR79vB2Spj+h1Ly3J3UZjpd8mi943lh126TK7CB+HZOxGh2nM3IySor7wqVQdemD/xtydsBKA==",
      "requires": {
        "@types/sizzle": "*"
      }
    },
    "@types/jqueryui": {
      "version": "1.12.10",
      "resolved": "https://registry.npmjs.org/@types/jqueryui/-/jqueryui-1.12.10.tgz",
      "integrity": "sha512-T8sctslWIiLl/2EHEQQfKCB92S9bMKBaeE3+iBRbSERMK/1gzyfqjaIEksduB4eUEsKq+Ji0Y+qVbiXQwI2Mwg==",
      "requires": {
        "@types/jquery": "*"
      }
    },
    "@types/requirejs": {
      "version": "2.1.31",
      "resolved": "https://registry.npmjs.org/@types/requirejs/-/requirejs-2.1.31.tgz",
      "integrity": "sha512-b2soeyuU76rMbcRJ4e0hEl0tbMhFwZeTC0VZnfuWlfGlk6BwWNsev6kFu/twKABPX29wkX84wU2o+cEJoXsiTw=="
    },
    "@types/select2": {
      "version": "4.0.48",
      "resolved": "https://registry.npmjs.org/@types/select2/-/select2-4.0.48.tgz",
      "integrity": "sha512-C1cUbfwKBqlO+/3OWQKMajA4D/d5SvI9rSGoXCa7FQI9B1p1iRqZzetkfpGPY44BP1Y8emHL17rdUJYZEyzN+Q==",
      "requires": {
        "@types/jquery": "*",
        "@types/requirejs": "*"
      }
    },
    "@types/sizzle": {
      "version": "2.3.2",
      "resolved": "https://registry.npmjs.org/@types/sizzle/-/sizzle-2.3.2.tgz",
      "integrity": "sha512-7EJYyKTL7tFR8+gDbB6Wwz/arpGa0Mywk1TJbNzKzHtzbwVmY4HR9WqS5VV7dsBUKQmPNr192jHr/VpBluj/hg=="
    },
    "@types/tablesorter": {
      "version": "2.31.1",
      "resolved": "https://registry.npmjs.org/@types/tablesorter/-/tablesorter-2.31.1.tgz",
      "integrity": "sha512-jlneoF2dNN4JTTMoXqVVUD+jQ03fxSAI2Sd1dh5kVcgiTBnzP4LaJKW6XCCoFTTFeZJuK73syOWeLdR1dU+hhA==",
      "requires": {
        "@types/globalize": "*",
        "@types/jquery": "*",
        "@types/jqueryui": "*",
        "@types/select2": "*"
      }
    },
    "jquery": {
      "version": "3.4.1",
      "resolved": "https://registry.npmjs.org/jquery/-/jquery-3.4.1.tgz",
      "integrity": "sha512-36+AdBzCL+y6qjw5Tx7HgzeGCzC81MDDgaUP8ld2zhx58HdqXGoBd+tHdrBMiyjGQs0Hxs/MLZTu/eHNJJuWPw=="
    },
    "popper.js": {
      "version": "1.16.1",
      "resolved": "https://registry.npmjs.org/popper.js/-/popper.js-1.16.1.tgz",
      "integrity": "sha512-Wb4p1J4zyFTbM+u6WuO4XstYx4Ky9Cewe4DWrel7B0w6VVICvPwdOpotjzcf6eD8TsckVnIMNONQyPIUFOUbCQ=="
    },
    "tablesorter": {
      "version": "2.31.3",
      "resolved": "https://registry.npmjs.org/tablesorter/-/tablesorter-2.31.3.tgz",
      "integrity": "sha512-ueEzeKiMajDcCWnUoT1dOeNEaS1OmPh9+8J0O2Sjp3TTijMygH74EA9QNJiNkLJqULyNU0RhbKY26UMUq9iurA==",
      "requires": {
        "jquery": ">=1.2.6"
      }
    }
  }
}
